{
    "_readme": [
        "This file locks the dependencies of your project to a known state",
        "Read more about it at https://getcomposer.org/doc/01-basic-usage.md#installing-dependencies",
        "This file is @generated automatically"
    ],
    "content-hash": "1240fdc8f7932e80250d153cd47fb353",
    "packages": [
        {
            "name": "imangazaliev/didom",
            "version": "1.13",
            "source": {
                "type": "git",
                "url": "https://github.com/Imangazaliev/DiDOM.git",
                "reference": "10c4033d56e599f09183959ed90bf17519b9e38b"
            },
            "dist": {
                "type": "zip",
                "url": "https://api.github.com/repos/Imangazaliev/DiDOM/zipball/10c4033d56e599f09183959ed90bf17519b9e38b",
                "reference": "10c4033d56e599f09183959ed90bf17519b9e38b",
                "shasum": ""
            },
            "require": {
                "php": ">=5.4"
            },
            "require-dev": {
                "phpunit/phpunit": "^4.8"
            },
            "type": "library",
            "autoload": {
                "psr-4": {
                    "DiDom\\": "src/DiDom/"
                }
            },
            "notification-url": "https://packagist.org/downloads/",
            "license": [
                "MIT"
            ],
            "authors": [
                {
                    "name": "Imangazaliev Muhammad",
                    "email": "imangazalievm@gmail.com"
                }
            ],
            "description": "Simple and fast HTML parser",
            "homepage": "https://github.com/Imangazaliev/DiDOM",
            "keywords": [
                "didom",
                "html",
                "parser",
                "xml"
            ],
            "time": "2017-12-08T15:20:07+00:00"
        },
        {
            "name": "pherum/snoopy",
            "version": "2.0",
            "source": {
                "type": "git",
                "url": "https://github.com/PheRum/snoopy.git",
                "reference": "660134bc1cfd52c00ded91928320dd4e775ff4d9"
            },
            "require": {
                "php": ">=5.4"
            },
            "type": "library",
            "autoload": {
                "psr-4": {
                    "Snoopy\\": "src/"
                }
            },
            "license": [
                "GPLv2"
            ],
            "authors": [
                {
                    "name": "Andrei Zmievski"
                }
            ],
            "description": "snoopy",
            "time": "2015-07-25T20:02:14+00:00"
        }
    ],
    "packages-dev": [],
    "aliases": [],
    "minimum-stability": "stable",
    "stability-flags": [],
    "prefer-stable": false,
    "prefer-lowest": false,
    "platform": {
        "php": ">=7.1.0"
    },
    "platform-dev": []
}
